// !$*UTF8*$!
{
	archiveVersion = 1;
	classes = {
	};
	objectVersion = 48;
	objects = {

/* Begin PBXBuildFile section */
		1AE97286280F455D00D93441 /* main.cpp in Sources */ = {isa = PBXBuildFile; fileRef = 1AE97269280F455C00D93441 /* main.cpp */; };
/* End PBXBuildFile section */

/* Begin PBXCopyFilesBuildPhase section */
		1AF7584F202C0545003879D4 /* CopyFiles */ = {
			isa = PBXCopyFilesBuildPhase;
			buildActionMask = 2147483647;
			dstPath = /usr/share/man/man1/;
			dstSubfolderSpec = 0;
			files = (
			);
			runOnlyForDeploymentPostprocessing = 1;
		};
/* End PBXCopyFilesBuildPhase section */

/* Begin PBXFileReference section */
		1A03409728D9781800DCB871 /* MinimumOperationsToReduceXToZero.h */ = {isa = PBXFileReference; lastKnownFileType = sourcecode.c.h; path = MinimumOperationsToReduceXToZero.h; sourceTree = "<group>"; };
		1A03409828DC244000DCB871 /* BinaryTreesWithFactors.h */ = {isa = PBXFileReference; lastKnownFileType = sourcecode.c.h; path = BinaryTreesWithFactors.h; sourceTree = "<group>"; };
		1A0A12E228CECF10002FA509 /* ReorderDataInLogFiles.h */ = {isa = PBXFileReference; lastKnownFileType = sourcecode.c.h; path = ReorderDataInLogFiles.h; sourceTree = "<group>"; };
		1A0A12E328D28ADF002FA509 /* PlatesBetweenCandles.h */ = {isa = PBXFileReference; lastKnownFileType = sourcecode.c.h; path = PlatesBetweenCandles.h; sourceTree = "<group>"; };
		1A0A12E428D3EF23002FA509 /* MaximumSumOfTwoNonOverlappingSubarrays.h */ = {isa = PBXFileReference; lastKnownFileType = sourcecode.c.h; path = MaximumSumOfTwoNonOverlappingSubarrays.h; sourceTree = "<group>"; };
		1A0A12E528D4272A002FA509 /* CheckCompletenessOfABinaryTree.h */ = {isa = PBXFileReference; lastKnownFileType = sourcecode.c.h; path = CheckCompletenessOfABinaryTree.h; sourceTree = "<group>"; };
		1A10607328368A0F0012BA01 /* PathWithMaximumProbability.h */ = {isa = PBXFileReference; lastKnownFileType = sourcecode.c.h; path = PathWithMaximumProbability.h; sourceTree = "<group>"; };
		1A106074283AC85C0012BA01 /* LongestLineOfConsecutiveOneInMatrix.h */ = {isa = PBXFileReference; lastKnownFileType = sourcecode.c.h; path = LongestLineOfConsecutiveOneInMatrix.h; sourceTree = "<group>"; };
		1A106075283BC1060012BA01 /* RLEIterator.h */ = {isa = PBXFileReference; lastKnownFileType = sourcecode.c.h; path = RLEIterator.h; sourceTree = "<group>"; };
		1A106076283D18EA0012BA01 /* BinarySubarraysWithSum.h */ = {isa = PBXFileReference; lastKnownFileType = sourcecode.c.h; path = BinarySubarraysWithSum.h; sourceTree = "<group>"; };
		1A3E54F8281A16D300B205E0 /* NumberOfMatchingSubsequences.h */ = {isa = PBXFileReference; lastKnownFileType = sourcecode.c.h; path = NumberOfMatchingSubsequences.h; sourceTree = "<group>"; };
		1A3E54F9281A173800B205E0 /* utils.h */ = {isa = PBXFileReference; lastKnownFileType = sourcecode.c.h; path = utils.h; sourceTree = "<group>"; };
		1A49DC86283586AA0099A8F3 /* OneEditDistance.h */ = {isa = PBXFileReference; lastKnownFileType = sourcecode.c.h; path = OneEditDistance.h; sourceTree = "<group>"; };
		1A49DC872835FF940099A8F3 /* SatisfiabilityOfEqualityEquations.h */ = {isa = PBXFileReference; lastKnownFileType = sourcecode.c.h; path = SatisfiabilityOfEqualityEquations.h; sourceTree = "<group>"; };
		1A4BCB74281E444E008C9682 /* FindDuplicateSubtrees.h */ = {isa = PBXFileReference; lastKnownFileType = sourcecode.c.h; path = FindDuplicateSubtrees.h; sourceTree = "<group>"; };
		1A4CE9C028DE36EA00E74EC2 /* SortList.h */ = {isa = PBXFileReference; lastKnownFileType = sourcecode.c.h; path = SortList.h; sourceTree = "<group>"; };
		1A5F01F4282C3F8C005FF48C /* RaceCar.h */ = {isa = PBXFileReference; lastKnownFileType = sourcecode.c.h; path = RaceCar.h; sourceTree = "<group>"; };
		1A5F01F5282ECF03005FF48C /* DetectSquares.h */ = {isa = PBXFileReference; lastKnownFileType = sourcecode.c.h; path = DetectSquares.h; sourceTree = "<group>"; };
		1A5F01F6282F1C7E005FF48C /* SwapAdjacentinLRString.h */ = {isa = PBXFileReference; lastKnownFileType = sourcecode.c.h; path = SwapAdjacentinLRString.h; sourceTree = "<group>"; };
		1A5F01F7283040A7005FF48C /* RemoveInterval.h */ = {isa = PBXFileReference; lastKnownFileType = sourcecode.c.h; path = RemoveInterval.h; sourceTree = "<group>"; };
		1A5F01F82832993E005FF48C /* LongestWordInDictionaryThroughDeleting.h */ = {isa = PBXFileReference; lastKnownFileType = sourcecode.c.h; path = LongestWordInDictionaryThroughDeleting.h; sourceTree = "<group>"; };
		1A6D7D3C2828B17F00751799 /* PathWithMaximumMinimumValue.h */ = {isa = PBXFileReference; lastKnownFileType = sourcecode.c.h; path = PathWithMaximumMinimumValue.h; sourceTree = "<group>"; };
		1A8791F62844FD2F00B1AC1C /* DesignSnakeGame.h */ = {isa = PBXFileReference; lastKnownFileType = sourcecode.c.h; path = DesignSnakeGame.h; sourceTree = "<group>"; };
		1A8791F72845977F00B1AC1C /* NumberOfGoodWaysToSplitAString.h */ = {isa = PBXFileReference; lastKnownFileType = sourcecode.c.h; path = NumberOfGoodWaysToSplitAString.h; sourceTree = "<group>"; };
		1A8791F82845D0D400B1AC1C /* AsteroidCollision.h */ = {isa = PBXFileReference; lastKnownFileType = sourcecode.c.h; path = AsteroidCollision.h; sourceTree = "<group>"; };
		1A94F97128D4C3A70012A669 /* Minesweeper.h */ = {isa = PBXFileReference; lastKnownFileType = sourcecode.c.h; path = Minesweeper.h; sourceTree = "<group>"; };
		1AA8290A283EDB0C00A2C7B5 /* New21Game.h */ = {isa = PBXFileReference; lastKnownFileType = sourcecode.c.h; path = New21Game.h; sourceTree = "<group>"; };
		1AA8290B283FC98400A2C7B5 /* DesignALeaderboard.h */ = {isa = PBXFileReference; lastKnownFileType = sourcecode.c.h; path = DesignALeaderboard.h; sourceTree = "<group>"; };
		1AA8290C284046B700A2C7B5 /* ShortestWayToFormString.h */ = {isa = PBXFileReference; lastKnownFileType = sourcecode.c.h; path = ShortestWayToFormString.h; sourceTree = "<group>"; };
		1AB90E0028D7C8BE004429DC /* DesignHitCounter.h */ = {isa = PBXFileReference; lastKnownFileType = sourcecode.c.h; path = DesignHitCounter.h; sourceTree = "<group>"; };
		1AB90E0128D7FBD3004429DC /* PeekingIterator.h */ = {isa = PBXFileReference; lastKnownFileType = sourcecode.c.h; path = PeekingIterator.h; sourceTree = "<group>"; };
		1AB90E0228D8F1E4004429DC /* LexicographicallySmallestEquivalentString.h */ = {isa = PBXFileReference; lastKnownFileType = sourcecode.c.h; path = LexicographicallySmallestEquivalentString.h; sourceTree = "<group>"; };
		1AC2D70228D61CE700F76F2A /* MinimumSidewayJumps.h */ = {isa = PBXFileReference; lastKnownFileType = sourcecode.c.h; path = MinimumSidewayJumps.h; sourceTree = "<group>"; };
		1ACD33D62842963400F1BFE2 /* SubstringsThatBeginAndEndWithTheSameLetter.h */ = {isa = PBXFileReference; lastKnownFileType = sourcecode.c.h; path = SubstringsThatBeginAndEndWithTheSameLetter.h; sourceTree = "<group>"; };
		1ACD33D728431C7B00F1BFE2 /* MaximumNumberOfAcceptedInvitations.h */ = {isa = PBXFileReference; lastKnownFileType = sourcecode.c.h; path = MaximumNumberOfAcceptedInvitations.h; sourceTree = "<group>"; };
		1ACE207F2824A89B0005B853 /* TimeNeededToInformAllEmployees.h */ = {isa = PBXFileReference; lastKnownFileType = sourcecode.c.h; path = TimeNeededToInformAllEmployees.h; sourceTree = "<group>"; };
		1ACE2080282559EE0005B853 /* ProcessTasksUsingServers.h */ = {isa = PBXFileReference; lastKnownFileType = sourcecode.c.h; path = ProcessTasksUsingServers.h; sourceTree = "<group>"; };
		1ACE20812826C8B40005B853 /* Single_ThreadedCPU.h */ = {isa = PBXFileReference; lastKnownFileType = sourcecode.c.h; path = Single_ThreadedCPU.h; sourceTree = "<group>"; };
		1AD53A9F28123AD900D29905 /* FindAllPossibleRecipesFromGivenSupplies.h */ = {isa = PBXFileReference; lastKnownFileType = sourcecode.c.h; path = FindAllPossibleRecipesFromGivenSupplies.h; sourceTree = "<group>"; };
		1AE4C52A282835E1004C0203 /* FindTwoNonOverlappingSubArraysEachWithTargetSum.h */ = {isa = PBXFileReference; lastKnownFileType = sourcecode.c.h; path = FindTwoNonOverlappingSubArraysEachWithTargetSum.h; sourceTree = "<group>"; };
		1AE97269280F455C00D93441 /* main.cpp */ = {isa = PBXFileReference; fileEncoding = 4; lastKnownFileType = sourcecode.cpp.cpp; path = main.cpp; sourceTree = "<group>"; };
		1AE9726A280F455C00D93441 /* e234.hpp */ = {isa = PBXFileReference; fileEncoding = 4; lastKnownFileType = sourcecode.cpp.h; path = e234.hpp; sourceTree = "<group>"; };
		1AE9726B280F455C00D93441 /* m3.hpp */ = {isa = PBXFileReference; fileEncoding = 4; lastKnownFileType = sourcecode.cpp.h; path = m3.hpp; sourceTree = "<group>"; };
		1AE9726C280F455C00D93441 /* m11.hpp */ = {isa = PBXFileReference; fileEncoding = 4; lastKnownFileType = sourcecode.cpp.h; path = m11.hpp; sourceTree = "<group>"; };
		1AE9726D280F455C00D93441 /* input.txt */ = {isa = PBXFileReference; fileEncoding = 4; lastKnownFileType = text; path = input.txt; sourceTree = "<group>"; };
		1AE9726E280F455C00D93441 /* m19.hpp */ = {isa = PBXFileReference; fileEncoding = 4; lastKnownFileType = sourcecode.cpp.h; path = m19.hpp; sourceTree = "<group>"; };
		1AE9726F280F455C00D93441 /* ShortestPathInAGridWithObstaclesElimination.hpp */ = {isa = PBXFileReference; fileEncoding = 4; lastKnownFileType = sourcecode.cpp.h; path = ShortestPathInAGridWithObstaclesElimination.hpp; sourceTree = "<group>"; };
		1AE97270280F455D00D93441 /* m12.hpp */ = {isa = PBXFileReference; fileEncoding = 4; lastKnownFileType = sourcecode.cpp.h; path = m12.hpp; sourceTree = "<group>"; };
		1AE97271280F455D00D93441 /* e203.hpp */ = {isa = PBXFileReference; fileEncoding = 4; lastKnownFileType = sourcecode.cpp.h; path = e203.hpp; sourceTree = "<group>"; };
		1AE97272280F455D00D93441 /* m15.hpp */ = {isa = PBXFileReference; fileEncoding = 4; lastKnownFileType = sourcecode.cpp.h; path = m15.hpp; sourceTree = "<group>"; };
		1AE97273280F455D00D93441 /* m8.hpp */ = {isa = PBXFileReference; fileEncoding = 4; lastKnownFileType = sourcecode.cpp.h; path = m8.hpp; sourceTree = "<group>"; };
		1AE97274280F455D00D93441 /* h10.hpp */ = {isa = PBXFileReference; fileEncoding = 4; lastKnownFileType = sourcecode.cpp.h; path = h10.hpp; sourceTree = "<group>"; };
		1AE97275280F455D00D93441 /* e20.hpp */ = {isa = PBXFileReference; fileEncoding = 4; lastKnownFileType = sourcecode.cpp.h; path = e20.hpp; sourceTree = "<group>"; };
		1AE97276280F455D00D93441 /* e7.hpp */ = {isa = PBXFileReference; fileEncoding = 4; lastKnownFileType = sourcecode.cpp.h; path = e7.hpp; sourceTree = "<group>"; };
		1AE97277280F455D00D93441 /* e1.hpp */ = {isa = PBXFileReference; fileEncoding = 4; lastKnownFileType = sourcecode.cpp.h; path = e1.hpp; sourceTree = "<group>"; };
		1AE97278280F455D00D93441 /* h4.hpp */ = {isa = PBXFileReference; fileEncoding = 4; lastKnownFileType = sourcecode.cpp.h; path = h4.hpp; sourceTree = "<group>"; };
		1AE97279280F455D00D93441 /* m17.hpp */ = {isa = PBXFileReference; fileEncoding = 4; lastKnownFileType = sourcecode.cpp.h; path = m17.hpp; sourceTree = "<group>"; };
		1AE9727A280F455D00D93441 /* m16.hpp */ = {isa = PBXFileReference; fileEncoding = 4; lastKnownFileType = sourcecode.cpp.h; path = m16.hpp; sourceTree = "<group>"; };
		1AE9727B280F455D00D93441 /* e83.hpp */ = {isa = PBXFileReference; fileEncoding = 4; lastKnownFileType = sourcecode.cpp.h; path = e83.hpp; sourceTree = "<group>"; };
		1AE9727C280F455D00D93441 /* m2.hpp */ = {isa = PBXFileReference; fileEncoding = 4; lastKnownFileType = sourcecode.cpp.h; path = m2.hpp; sourceTree = "<group>"; };
		1AE9727D280F455D00D93441 /* e237.hpp */ = {isa = PBXFileReference; fileEncoding = 4; lastKnownFileType = sourcecode.cpp.h; path = e237.hpp; sourceTree = "<group>"; };
		1AE9727E280F455D00D93441 /* m5.hpp */ = {isa = PBXFileReference; fileEncoding = 4; lastKnownFileType = sourcecode.cpp.h; path = m5.hpp; sourceTree = "<group>"; };
		1AE9727F280F455D00D93441 /* e27.hpp */ = {isa = PBXFileReference; fileEncoding = 4; lastKnownFileType = sourcecode.cpp.h; path = e27.hpp; sourceTree = "<group>"; };
		1AE97280280F455D00D93441 /* e14.hpp */ = {isa = PBXFileReference; fileEncoding = 4; lastKnownFileType = sourcecode.cpp.h; path = e14.hpp; sourceTree = "<group>"; };
		1AE97281280F455D00D93441 /* m18.hpp */ = {isa = PBXFileReference; fileEncoding = 4; lastKnownFileType = sourcecode.cpp.h; path = m18.hpp; sourceTree = "<group>"; };
		1AE97282280F455D00D93441 /* e206.hpp */ = {isa = PBXFileReference; fileEncoding = 4; lastKnownFileType = sourcecode.cpp.h; path = e206.hpp; sourceTree = "<group>"; };
		1AE97283280F455D00D93441 /* m6.hpp */ = {isa = PBXFileReference; fileEncoding = 4; lastKnownFileType = sourcecode.cpp.h; path = m6.hpp; sourceTree = "<group>"; };
		1AE97284280F455D00D93441 /* e21.hpp */ = {isa = PBXFileReference; fileEncoding = 4; lastKnownFileType = sourcecode.cpp.h; path = e21.hpp; sourceTree = "<group>"; };
		1AE97285280F455D00D93441 /* e26.hpp */ = {isa = PBXFileReference; fileEncoding = 4; lastKnownFileType = sourcecode.cpp.h; path = e26.hpp; sourceTree = "<group>"; };
		1AE9728728104E4600D93441 /* RemoveAllOnesWithRowAndColumnFlips.h */ = {isa = PBXFileReference; lastKnownFileType = sourcecode.c.h; path = RemoveAllOnesWithRowAndColumnFlips.h; sourceTree = "<group>"; };
		1AEA9905284AC81B0067564F /* MeetingScheduler.h */ = {isa = PBXFileReference; lastKnownFileType = sourcecode.c.h; path = MeetingScheduler.h; sourceTree = "<group>"; };
		1AEA9906284EA9C50067564F /* PacificAtlanticWaterFlow.h */ = {isa = PBXFileReference; lastKnownFileType = sourcecode.c.h; path = PacificAtlanticWaterFlow.h; sourceTree = "<group>"; };
		1AF75851202C0545003879D4 /* leetcode */ = {isa = PBXFileReference; explicitFileType = "compiled.mach-o.executable"; includeInIndex = 0; path = leetcode; sourceTree = BUILT_PRODUCTS_DIR; };
		1AFF8F462820F4990062D2D3 /* LongestArithmeticSubsequenceOfGivenDifference.h */ = {isa = PBXFileReference; lastKnownFileType = sourcecode.c.h; path = LongestArithmeticSubsequenceOfGivenDifference.h; sourceTree = "<group>"; };
		1AFF8F472821EC220062D2D3 /* MaximumSplitOfPositiveEvenIntegers.h */ = {isa = PBXFileReference; lastKnownFileType = sourcecode.c.h; path = MaximumSplitOfPositiveEvenIntegers.h; sourceTree = "<group>"; };
		1AFF8F482822178D0062D2D3 /* RandomPickWithWeight.h */ = {isa = PBXFileReference; lastKnownFileType = sourcecode.c.h; path = RandomPickWithWeight.h; sourceTree = "<group>"; };
		1AFF8F492822D0890062D2D3 /* StringsDifferByOneCharacter.h */ = {isa = PBXFileReference; lastKnownFileType = sourcecode.c.h; path = StringsDifferByOneCharacter.h; sourceTree = "<group>"; };
		1AFF8F4A28236BA50062D2D3 /* CountWordsObtainedAfterAddingALetter.h */ = {isa = PBXFileReference; lastKnownFileType = sourcecode.c.h; path = CountWordsObtainedAfterAddingALetter.h; sourceTree = "<group>"; };
		1AFF8F4B282407BC0062D2D3 /* MinimumAreaRectangle.h */ = {isa = PBXFileReference; lastKnownFileType = sourcecode.c.h; path = MinimumAreaRectangle.h; sourceTree = "<group>"; };
/* End PBXFileReference section */

/* Begin PBXFrameworksBuildPhase section */
		1AF7584E202C0545003879D4 /* Frameworks */ = {
			isa = PBXFrameworksBuildPhase;
			buildActionMask = 2147483647;
			files = (
			);
			runOnlyForDeploymentPostprocessing = 0;
		};
/* End PBXFrameworksBuildPhase section */

/* Begin PBXGroup section */
		1AF75848202C0545003879D4 = {
			isa = PBXGroup;
			children = (
				1AF75853202C0545003879D4 /* leetcode */,
				1AF75852202C0545003879D4 /* Products */,
			);
			sourceTree = "<group>";
		};
		1AF75852202C0545003879D4 /* Products */ = {
			isa = PBXGroup;
			children = (
				1AF75851202C0545003879D4 /* leetcode */,
			);
			name = Products;
			sourceTree = "<group>";
		};
		1AF75853202C0545003879D4 /* leetcode */ = {
			isa = PBXGroup;
			children = (
				1AE97277280F455D00D93441 /* e1.hpp */,
				1AE97276280F455D00D93441 /* e7.hpp */,
				1AE97280280F455D00D93441 /* e14.hpp */,
				1AE97275280F455D00D93441 /* e20.hpp */,
				1AE97284280F455D00D93441 /* e21.hpp */,
				1AE97285280F455D00D93441 /* e26.hpp */,
				1AE9727F280F455D00D93441 /* e27.hpp */,
				1AE9727B280F455D00D93441 /* e83.hpp */,
				1AE97271280F455D00D93441 /* e203.hpp */,
				1AE97282280F455D00D93441 /* e206.hpp */,
				1AE9726A280F455C00D93441 /* e234.hpp */,
				1AE9727D280F455D00D93441 /* e237.hpp */,
				1AE97278280F455D00D93441 /* h4.hpp */,
				1AE97274280F455D00D93441 /* h10.hpp */,
				1AE9726D280F455C00D93441 /* input.txt */,
				1AE9727C280F455D00D93441 /* m2.hpp */,
				1AE9726B280F455C00D93441 /* m3.hpp */,
				1AE9727E280F455D00D93441 /* m5.hpp */,
				1AE97283280F455D00D93441 /* m6.hpp */,
				1AE97273280F455D00D93441 /* m8.hpp */,
				1AB90E0128D7FBD3004429DC /* PeekingIterator.h */,
				1AB90E0228D8F1E4004429DC /* LexicographicallySmallestEquivalentString.h */,
				1AE9726C280F455C00D93441 /* m11.hpp */,
				1AE97270280F455D00D93441 /* m12.hpp */,
				1AE97272280F455D00D93441 /* m15.hpp */,
				1AE9727A280F455D00D93441 /* m16.hpp */,
				1AE97279280F455D00D93441 /* m17.hpp */,
				1AE97281280F455D00D93441 /* m18.hpp */,
				1AE9726E280F455C00D93441 /* m19.hpp */,
				1AE97269280F455C00D93441 /* main.cpp */,
				1AE9726F280F455C00D93441 /* ShortestPathInAGridWithObstaclesElimination.hpp */,
				1AE9728728104E4600D93441 /* RemoveAllOnesWithRowAndColumnFlips.h */,
				1AD53A9F28123AD900D29905 /* FindAllPossibleRecipesFromGivenSupplies.h */,
				1A0A12E528D4272A002FA509 /* CheckCompletenessOfABinaryTree.h */,
				1A0A12E228CECF10002FA509 /* ReorderDataInLogFiles.h */,
				1A3E54F8281A16D300B205E0 /* NumberOfMatchingSubsequences.h */,
				1A03409828DC244000DCB871 /* BinaryTreesWithFactors.h */,
				1A4CE9C028DE36EA00E74EC2 /* SortList.h */,
				1A3E54F9281A173800B205E0 /* utils.h */,
				1A4BCB74281E444E008C9682 /* FindDuplicateSubtrees.h */,
				1AFF8F462820F4990062D2D3 /* LongestArithmeticSubsequenceOfGivenDifference.h */,
				1AFF8F472821EC220062D2D3 /* MaximumSplitOfPositiveEvenIntegers.h */,
				1AFF8F482822178D0062D2D3 /* RandomPickWithWeight.h */,
				1AFF8F492822D0890062D2D3 /* StringsDifferByOneCharacter.h */,
				1AFF8F4A28236BA50062D2D3 /* CountWordsObtainedAfterAddingALetter.h */,
				1AFF8F4B282407BC0062D2D3 /* MinimumAreaRectangle.h */,
				1ACE207F2824A89B0005B853 /* TimeNeededToInformAllEmployees.h */,
				1ACE2080282559EE0005B853 /* ProcessTasksUsingServers.h */,
				1ACE20812826C8B40005B853 /* Single_ThreadedCPU.h */,
				1AE4C52A282835E1004C0203 /* FindTwoNonOverlappingSubArraysEachWithTargetSum.h */,
				1A6D7D3C2828B17F00751799 /* PathWithMaximumMinimumValue.h */,
				1A5F01F4282C3F8C005FF48C /* RaceCar.h */,
				1A5F01F5282ECF03005FF48C /* DetectSquares.h */,
				1A5F01F6282F1C7E005FF48C /* SwapAdjacentinLRString.h */,
				1A5F01F7283040A7005FF48C /* RemoveInterval.h */,
				1A106075283BC1060012BA01 /* RLEIterator.h */,
				1A5F01F82832993E005FF48C /* LongestWordInDictionaryThroughDeleting.h */,
				1A49DC86283586AA0099A8F3 /* OneEditDistance.h */,
				1A49DC872835FF940099A8F3 /* SatisfiabilityOfEqualityEquations.h */,
				1AA8290A283EDB0C00A2C7B5 /* New21Game.h */,
				1A10607328368A0F0012BA01 /* PathWithMaximumProbability.h */,
				1A106074283AC85C0012BA01 /* LongestLineOfConsecutiveOneInMatrix.h */,
				1A106076283D18EA0012BA01 /* BinarySubarraysWithSum.h */,
				1AEA9905284AC81B0067564F /* MeetingScheduler.h */,
				1AEA9906284EA9C50067564F /* PacificAtlanticWaterFlow.h */,
				1AA8290B283FC98400A2C7B5 /* DesignALeaderboard.h */,
				1AA8290C284046B700A2C7B5 /* ShortestWayToFormString.h */,
				1ACD33D62842963400F1BFE2 /* SubstringsThatBeginAndEndWithTheSameLetter.h */,
				1ACD33D728431C7B00F1BFE2 /* MaximumNumberOfAcceptedInvitations.h */,
				1A8791F62844FD2F00B1AC1C /* DesignSnakeGame.h */,
				1A8791F72845977F00B1AC1C /* NumberOfGoodWaysToSplitAString.h */,
				1A8791F82845D0D400B1AC1C /* AsteroidCollision.h */,
				1A0A12E328D28ADF002FA509 /* PlatesBetweenCandles.h */,
				1A0A12E428D3EF23002FA509 /* MaximumSumOfTwoNonOverlappingSubarrays.h */,
				1A94F97128D4C3A70012A669 /* Minesweeper.h */,
				1AC2D70228D61CE700F76F2A /* MinimumSidewayJumps.h */,
				1AB90E0028D7C8BE004429DC /* DesignHitCounter.h */,
				1A03409728D9781800DCB871 /* MinimumOperationsToReduceXToZero.h */,
			);
			path = leetcode;
			sourceTree = "<group>";
		};
/* End PBXGroup section */

/* Begin PBXNativeTarget section */
		1AF75850202C0545003879D4 /* leetcode */ = {
			isa = PBXNativeTarget;
			buildConfigurationList = 1AF75858202C0545003879D4 /* Build configuration list for PBXNativeTarget "leetcode" */;
			buildPhases = (
				1AF7584D202C0545003879D4 /* Sources */,
				1AF7584E202C0545003879D4 /* Frameworks */,
				1AF7584F202C0545003879D4 /* CopyFiles */,
			);
			buildRules = (
			);
			dependencies = (
			);
			name = leetcode;
			productName = leetcode;
			productReference = 1AF75851202C0545003879D4 /* leetcode */;
			productType = "com.apple.product-type.tool";
		};
/* End PBXNativeTarget section */

/* Begin PBXProject section */
		1AF75849202C0545003879D4 /* Project object */ = {
			isa = PBXProject;
			attributes = {
				LastUpgradeCheck = 0920;
				ORGANIZATIONNAME = "Weichao  Zhou";
				TargetAttributes = {
					1AF75850202C0545003879D4 = {
						CreatedOnToolsVersion = 9.2;
						ProvisioningStyle = Automatic;
					};
				};
			};
			buildConfigurationList = 1AF7584C202C0545003879D4 /* Build configuration list for PBXProject "leetcode" */;
			compatibilityVersion = "Xcode 8.0";
			developmentRegion = en;
			hasScannedForEncodings = 0;
			knownRegions = (
				en,
				Base,
			);
			mainGroup = 1AF75848202C0545003879D4;
			productRefGroup = 1AF75852202C0545003879D4 /* Products */;
			projectDirPath = "";
			projectRoot = "";
			targets = (
				1AF75850202C0545003879D4 /* leetcode */,
			);
		};
/* End PBXProject section */

/* Begin PBXSourcesBuildPhase section */
		1AF7584D202C0545003879D4 /* Sources */ = {
			isa = PBXSourcesBuildPhase;
			buildActionMask = 2147483647;
			files = (
				1AE97286280F455D00D93441 /* main.cpp in Sources */,
			);
			runOnlyForDeploymentPostprocessing = 0;
		};
/* End PBXSourcesBuildPhase section */

/* Begin XCBuildConfiguration section */
		1AF75856202C0545003879D4 /* Debug */ = {
			isa = XCBuildConfiguration;
			buildSettings = {
				ALWAYS_SEARCH_USER_PATHS = NO;
				CLANG_ANALYZER_NONNULL = YES;
				CLANG_ANALYZER_NUMBER_OBJECT_CONVERSION = YES_AGGRESSIVE;
				CLANG_CXX_LANGUAGE_STANDARD = "gnu++14";
				CLANG_CXX_LIBRARY = "libc++";
				CLANG_ENABLE_MODULES = YES;
				CLANG_ENABLE_OBJC_ARC = YES;
				CLANG_WARN_BLOCK_CAPTURE_AUTORELEASING = YES;
				CLANG_WARN_BOOL_CONVERSION = YES;
				CLANG_WARN_COMMA = YES;
				CLANG_WARN_CONSTANT_CONVERSION = YES;
				CLANG_WARN_DIRECT_OBJC_ISA_USAGE = YES_ERROR;
				CLANG_WARN_DOCUMENTATION_COMMENTS = YES;
				CLANG_WARN_EMPTY_BODY = YES;
				CLANG_WARN_ENUM_CONVERSION = YES;
				CLANG_WARN_INFINITE_RECURSION = YES;
				CLANG_WARN_INT_CONVERSION = YES;
				CLANG_WARN_NON_LITERAL_NULL_CONVERSION = YES;
				CLANG_WARN_OBJC_LITERAL_CONVERSION = YES;
				CLANG_WARN_OBJC_ROOT_CLASS = YES_ERROR;
				CLANG_WARN_RANGE_LOOP_ANALYSIS = YES;
				CLANG_WARN_STRICT_PROTOTYPES = YES;
				CLANG_WARN_SUSPICIOUS_MOVE = YES;
				CLANG_WARN_UNGUARDED_AVAILABILITY = YES_AGGRESSIVE;
				CLANG_WARN_UNREACHABLE_CODE = YES;
				CLANG_WARN__DUPLICATE_METHOD_MATCH = YES;
				CODE_SIGN_IDENTITY = "-";
				COPY_PHASE_STRIP = NO;
				DEBUG_INFORMATION_FORMAT = dwarf;
				ENABLE_STRICT_OBJC_MSGSEND = YES;
				ENABLE_TESTABILITY = YES;
				GCC_C_LANGUAGE_STANDARD = gnu11;
				GCC_DYNAMIC_NO_PIC = NO;
				GCC_NO_COMMON_BLOCKS = YES;
				GCC_OPTIMIZATION_LEVEL = 0;
				GCC_PREPROCESSOR_DEFINITIONS = (
					"DEBUG=1",
					"$(inherited)",
				);
				GCC_WARN_64_TO_32_BIT_CONVERSION = YES;
				GCC_WARN_ABOUT_RETURN_TYPE = YES_ERROR;
				GCC_WARN_UNDECLARED_SELECTOR = YES;
				GCC_WARN_UNINITIALIZED_AUTOS = YES_AGGRESSIVE;
				GCC_WARN_UNUSED_FUNCTION = YES;
				GCC_WARN_UNUSED_VARIABLE = YES;
				MACOSX_DEPLOYMENT_TARGET = 10.13;
				MTL_ENABLE_DEBUG_INFO = YES;
				ONLY_ACTIVE_ARCH = YES;
				SDKROOT = macosx;
			};
			name = Debug;
		};
		1AF75857202C0545003879D4 /* Release */ = {
			isa = XCBuildConfiguration;
			buildSettings = {
				ALWAYS_SEARCH_USER_PATHS = NO;
				CLANG_ANALYZER_NONNULL = YES;
				CLANG_ANALYZER_NUMBER_OBJECT_CONVERSION = YES_AGGRESSIVE;
				CLANG_CXX_LANGUAGE_STANDARD = "gnu++14";
				CLANG_CXX_LIBRARY = "libc++";
				CLANG_ENABLE_MODULES = YES;
				CLANG_ENABLE_OBJC_ARC = YES;
				CLANG_WARN_BLOCK_CAPTURE_AUTORELEASING = YES;
				CLANG_WARN_BOOL_CONVERSION = YES;
				CLANG_WARN_COMMA = YES;
				CLANG_WARN_CONSTANT_CONVERSION = YES;
				CLANG_WARN_DIRECT_OBJC_ISA_USAGE = YES_ERROR;
				CLANG_WARN_DOCUMENTATION_COMMENTS = YES;
				CLANG_WARN_EMPTY_BODY = YES;
				CLANG_WARN_ENUM_CONVERSION = YES;
				CLANG_WARN_INFINITE_RECURSION = YES;
				CLANG_WARN_INT_CONVERSION = YES;
				CLANG_WARN_NON_LITERAL_NULL_CONVERSION = YES;
				CLANG_WARN_OBJC_LITERAL_CONVERSION = YES;
				CLANG_WARN_OBJC_ROOT_CLASS = YES_ERROR;
				CLANG_WARN_RANGE_LOOP_ANALYSIS = YES;
				CLANG_WARN_STRICT_PROTOTYPES = YES;
				CLANG_WARN_SUSPICIOUS_MOVE = YES;
				CLANG_WARN_UNGUARDED_AVAILABILITY = YES_AGGRESSIVE;
				CLANG_WARN_UNREACHABLE_CODE = YES;
				CLANG_WARN__DUPLICATE_METHOD_MATCH = YES;
				CODE_SIGN_IDENTITY = "-";
				COPY_PHASE_STRIP = NO;
				DEBUG_INFORMATION_FORMAT = "dwarf-with-dsym";
				ENABLE_NS_ASSERTIONS = NO;
				ENABLE_STRICT_OBJC_MSGSEND = YES;
				GCC_C_LANGUAGE_STANDARD = gnu11;
				GCC_NO_COMMON_BLOCKS = YES;
				GCC_WARN_64_TO_32_BIT_CONVERSION = YES;
				GCC_WARN_ABOUT_RETURN_TYPE = YES_ERROR;
				GCC_WARN_UNDECLARED_SELECTOR = YES;
				GCC_WARN_UNINITIALIZED_AUTOS = YES_AGGRESSIVE;
				GCC_WARN_UNUSED_FUNCTION = YES;
				GCC_WARN_UNUSED_VARIABLE = YES;
				MACOSX_DEPLOYMENT_TARGET = 10.13;
				MTL_ENABLE_DEBUG_INFO = NO;
				SDKROOT = macosx;
			};
			name = Release;
		};
		1AF75859202C0545003879D4 /* Debug */ = {
			isa = XCBuildConfiguration;
			buildSettings = {
				CODE_SIGN_STYLE = Automatic;
				PRODUCT_NAME = "$(TARGET_NAME)";
			};
			name = Debug;
		};
		1AF7585A202C0545003879D4 /* Release */ = {
			isa = XCBuildConfiguration;
			buildSettings = {
				CODE_SIGN_STYLE = Automatic;
				PRODUCT_NAME = "$(TARGET_NAME)";
			};
			name = Release;
		};
/* End XCBuildConfiguration section */

/* Begin XCConfigurationList section */
		1AF7584C202C0545003879D4 /* Build configuration list for PBXProject "leetcode" */ = {
			isa = XCConfigurationList;
			buildConfigurations = (
				1AF75856202C0545003879D4 /* Debug */,
				1AF75857202C0545003879D4 /* Release */,
			);
			defaultConfigurationIsVisible = 0;
			defaultConfigurationName = Release;
		};
		1AF75858202C0545003879D4 /* Build configuration list for PBXNativeTarget "leetcode" */ = {
			isa = XCConfigurationList;
			buildConfigurations = (
				1AF75859202C0545003879D4 /* Debug */,
				1AF7585A202C0545003879D4 /* Release */,
			);
			defaultConfigurationIsVisible = 0;
			defaultConfigurationName = Release;
		};
/* End XCConfigurationList section */
	};
	rootObject = 1AF75849202C0545003879D4 /* Project object */;
}
